
Microsoft Visual Studio Solution File, Format Version 12.00
# Visual Studio 14
VisualStudioVersion = 14.0.25420.1
MinimumVisualStudioVersion = 10.0.40219.1
Project("{FAE04EC0-301F-11D3-BF4B-00C04F79EFBC}") = "OptimaHome", "OptimaHome\OptimaHome.csproj", "{C661EE4E-B3EE-480C-8956-B1CF10AE5B42}"
EndProject
Project("{FAE04EC0-301F-11D3-BF4B-00C04F79EFBC}") = "MyAppService", "MyAppService\MyAppService.csproj", "{2A2438FC-ECE2-4212-B958-30FB033336D4}"
EndProject
Project("{FAE04EC0-301F-11D3-BF4B-00C04F79EFBC}") = "ClientApp", "ClientApp\ClientApp.csproj", "{6F5C5677-BE90-4A50-8D86-9335DC51D28F}"
EndProject
Project("{FAE04EC0-301F-11D3-BF4B-00C04F79EFBC}") = "MyRemoteAppService", "MyRemoteAppService\MyRemoteAppService.csproj", "{9AA8A74A-E8EE-48DF-B15A-AEE2DFCEAE72}"
EndProject
Project("{FAE04EC0-301F-11D3-BF4B-00C04F79EFBC}") = "OptimaRemoteHome", "OptimaRemoteHome\OptimaRemoteHome.csproj", "{0DA0DDBA-630C-4DAF-8888-44DE990068E4}"
EndProject
Global
	GlobalSection(SolutionConfigurationPlatforms) = preSolution
		Debug|Any CPU = Debug|Any CPU
		Debug|ARM = Debug|ARM
		Debug|x64 = Debug|x64
		Debug|x86 = Debug|x86
		Release|Any CPU = Release|Any CPU
		Release|ARM = Release|ARM
		Release|x64 = Release|x64
		Release|x86 = Release|x86
	EndGlobalSection
	GlobalSection(ProjectConfigurationPlatforms) = postSolution
		{C661EE4E-B3EE-480C-8956-B1CF10AE5B42}.Debug|Any CPU.ActiveCfg = Debug|x86
		{C661EE4E-B3EE-480C-8956-B1CF10AE5B42}.Debug|ARM.ActiveCfg = Debug|ARM
		{C661EE4E-B3EE-480C-8956-B1CF10AE5B42}.Debug|ARM.Build.0 = Debug|ARM
		{C661EE4E-B3EE-480C-8956-B1CF10AE5B42}.Debug|ARM.Deploy.0 = Debug|ARM
		{C661EE4E-B3EE-480C-8956-B1CF10AE5B42}.Debug|x64.ActiveCfg = Debug|x64
		{C661EE4E-B3EE-480C-8956-B1CF10AE5B42}.Debug|x64.Build.0 = Debug|x64
		{C661EE4E-B3EE-480C-8956-B1CF10AE5B42}.Debug|x64.Deploy.0 = Debug|x64
		{C661EE4E-B3EE-480C-8956-B1CF10AE5B42}.Debug|x86.ActiveCfg = Debug|x86
		{C661EE4E-B3EE-480C-8956-B1CF10AE5B42}.Debug|x86.Build.0 = Debug|x86
		{C661EE4E-B3EE-480C-8956-B1CF10AE5B42}.Debug|x86.Deploy.0 = Debug|x86
		{C661EE4E-B3EE-480C-8956-B1CF10AE5B42}.Release|Any CPU.ActiveCfg = Release|x86
		{C661EE4E-B3EE-480C-8956-B1CF10AE5B42}.Release|ARM.ActiveCfg = Release|ARM
		{C661EE4E-B3EE-480C-8956-B1CF10AE5B42}.Release|ARM.Build.0 = Release|ARM
		{C661EE4E-B3EE-480C-8956-B1CF10AE5B42}.Release|ARM.Deploy.0 = Release|ARM
		{C661EE4E-B3EE-480C-8956-B1CF10AE5B42}.Release|x64.ActiveCfg = Release|x64
		{C661EE4E-B3EE-480C-8956-B1CF10AE5B42}.Release|x64.Build.0 = Release|x64
		{C661EE4E-B3EE-480C-8956-B1CF10AE5B42}.Release|x64.Deploy.0 = Release|x64
		{C661EE4E-B3EE-480C-8956-B1CF10AE5B42}.Release|x86.ActiveCfg = Release|x86
		{C661EE4E-B3EE-480C-8956-B1CF10AE5B42}.Release|x86.Build.0 = Release|x86
		{C661EE4E-B3EE-480C-8956-B1CF10AE5B42}.Release|x86.Deploy.0 = Release|x86
		{2A2438FC-ECE2-4212-B958-30FB033336D4}.Debug|Any CPU.ActiveCfg = Debug|Any CPU
		{2A2438FC-ECE2-4212-B958-30FB033336D4}.Debug|Any CPU.Build.0 = Debug|Any CPU
		{2A2438FC-ECE2-4212-B958-30FB033336D4}.Debug|ARM.ActiveCfg = Debug|ARM
		{2A2438FC-ECE2-4212-B958-30FB033336D4}.Debug|ARM.Build.0 = Debug|ARM
		{2A2438FC-ECE2-4212-B958-30FB033336D4}.Debug|x64.ActiveCfg = Debug|x64
		{2A2438FC-ECE2-4212-B958-30FB033336D4}.Debug|x64.Build.0 = Debug|x64
		{2A2438FC-ECE2-4212-B958-30FB033336D4}.Debug|x86.ActiveCfg = Debug|x86
		{2A2438FC-ECE2-4212-B958-30FB033336D4}.Debug|x86.Build.0 = Debug|x86
		{2A2438FC-ECE2-4212-B958-30FB033336D4}.Release|Any CPU.ActiveCfg = Release|Any CPU
		{2A2438FC-ECE2-4212-B958-30FB033336D4}.Release|Any CPU.Build.0 = Release|Any CPU
		{2A2438FC-ECE2-4212-B958-30FB033336D4}.Release|ARM.ActiveCfg = Release|ARM
		{2A2438FC-ECE2-4212-B958-30FB033336D4}.Release|ARM.Build.0 = Release|ARM
		{2A2438FC-ECE2-4212-B958-30FB033336D4}.Release|x64.ActiveCfg = Release|x64
		{2A2438FC-ECE2-4212-B958-30FB033336D4}.Release|x64.Build.0 = Release|x64
		{2A2438FC-ECE2-4212-B958-30FB033336D4}.Release|x86.ActiveCfg = Release|x86
		{2A2438FC-ECE2-4212-B958-30FB033336D4}.Release|x86.Build.0 = Release|x86
		{6F5C5677-BE90-4A50-8D86-9335DC51D28F}.Debug|Any CPU.ActiveCfg = Debug|x86
		{6F5C5677-BE90-4A50-8D86-9335DC51D28F}.Debug|ARM.ActiveCfg = Debug|ARM
		{6F5C5677-BE90-4A50-8D86-9335DC51D28F}.Debug|ARM.Build.0 = Debug|ARM
		{6F5C5677-BE90-4A50-8D86-9335DC51D28F}.Debug|ARM.Deploy.0 = Debug|ARM
		{6F5C5677-BE90-4A50-8D86-9335DC51D28F}.Debug|x64.ActiveCfg = Debug|x64
		{6F5C5677-BE90-4A50-8D86-9335DC51D28F}.Debug|x64.Build.0 = Debug|x64
		{6F5C5677-BE90-4A50-8D86-9335DC51D28F}.Debug|x64.Deploy.0 = Debug|x64
		{6F5C5677-BE90-4A50-8D86-9335DC51D28F}.Debug|x86.ActiveCfg = Debug|x86
		{6F5C5677-BE90-4A50-8D86-9335DC51D28F}.Debug|x86.Build.0 = Debug|x86
		{6F5C5677-BE90-4A50-8D86-9335DC51D28F}.Debug|x86.Deploy.0 = Debug|x86
		{6F5C5677-BE90-4A50-8D86-9335DC51D28F}.Release|Any CPU.ActiveCfg = Release|x86
		{6F5C5677-BE90-4A50-8D86-9335DC51D28F}.Release|ARM.ActiveCfg = Release|ARM
		{6F5C5677-BE90-4A50-8D86-9335DC51D28F}.Release|ARM.Build.0 = Release|ARM
		{6F5C5677-BE90-4A50-8D86-9335DC51D28F}.Release|ARM.Deploy.0 = Release|ARM
		{6F5C5677-BE90-4A50-8D86-9335DC51D28F}.Release|x64.ActiveCfg = Release|x64
		{6F5C5677-BE90-4A50-8D86-9335DC51D28F}.Release|x64.Build.0 = Release|x64
		{6F5C5677-BE90-4A50-8D86-9335DC51D28F}.Release|x64.Deploy.0 = Release|x64
		{6F5C5677-BE90-4A50-8D86-9335DC51D28F}.Release|x86.ActiveCfg = Release|x86
		{6F5C5677-BE90-4A50-8D86-9335DC51D28F}.Release|x86.Build.0 = Release|x86
		{6F5C5677-BE90-4A50-8D86-9335DC51D28F}.Release|x86.Deploy.0 = Release|x86
		{9AA8A74A-E8EE-48DF-B15A-AEE2DFCEAE72}.Debug|Any CPU.ActiveCfg = Debug|Any CPU
		{9AA8A74A-E8EE-48DF-B15A-AEE2DFCEAE72}.Debug|Any CPU.Build.0 = Debug|Any CPU
		{9AA8A74A-E8EE-48DF-B15A-AEE2DFCEAE72}.Debug|ARM.ActiveCfg = Debug|ARM
		{9AA8A74A-E8EE-48DF-B15A-AEE2DFCEAE72}.Debug|ARM.Build.0 = Debug|ARM
		{9AA8A74A-E8EE-48DF-B15A-AEE2DFCEAE72}.Debug|x64.ActiveCfg = Debug|x64
		{9AA8A74A-E8EE-48DF-B15A-AEE2DFCEAE72}.Debug|x64.Build.0 = Debug|x64
		{9AA8A74A-E8EE-48DF-B15A-AEE2DFCEAE72}.Debug|x86.ActiveCfg = Debug|x86
		{9AA8A74A-E8EE-48DF-B15A-AEE2DFCEAE72}.Debug|x86.Build.0 = Debug|x86
		{9AA8A74A-E8EE-48DF-B15A-AEE2DFCEAE72}.Release|Any CPU.ActiveCfg = Release|Any CPU
		{9AA8A74A-E8EE-48DF-B15A-AEE2DFCEAE72}.Release|Any CPU.Build.0 = Release|Any CPU
		{9AA8A74A-E8EE-48DF-B15A-AEE2DFCEAE72}.Release|ARM.ActiveCfg = Release|ARM
		{9AA8A74A-E8EE-48DF-B15A-AEE2DFCEAE72}.Release|ARM.Build.0 = Release|ARM
		{9AA8A74A-E8EE-48DF-B15A-AEE2DFCEAE72}.Release|x64.ActiveCfg = Release|x64
		{9AA8A74A-E8EE-48DF-B15A-AEE2DFCEAE72}.Release|x64.Build.0 = Release|x64
		{9AA8A74A-E8EE-48DF-B15A-AEE2DFCEAE72}.Release|x86.ActiveCfg = Release|x86
		{9AA8A74A-E8EE-48DF-B15A-AEE2DFCEAE72}.Release|x86.Build.0 = Release|x86
		{0DA0DDBA-630C-4DAF-8888-44DE990068E4}.Debug|Any CPU.ActiveCfg = Debug|x86
		{0DA0DDBA-630C-4DAF-8888-44DE990068E4}.Debug|ARM.ActiveCfg = Debug|ARM
		{0DA0DDBA-630C-4DAF-8888-44DE990068E4}.Debug|ARM.Build.0 = Debug|ARM
		{0DA0DDBA-630C-4DAF-8888-44DE990068E4}.Debug|ARM.Deploy.0 = Debug|ARM
		{0DA0DDBA-630C-4DAF-8888-44DE990068E4}.Debug|x64.ActiveCfg = Debug|x64
		{0DA0DDBA-630C-4DAF-8888-44DE990068E4}.Debug|x64.Build.0 = Debug|x64
		{0DA0DDBA-630C-4DAF-8888-44DE990068E4}.Debug|x64.Deploy.0 = Debug|x64
		{0DA0DDBA-630C-4DAF-8888-44DE990068E4}.Debug|x86.ActiveCfg = Debug|x86
		{0DA0DDBA-630C-4DAF-8888-44DE990068E4}.Debug|x86.Build.0 = Debug|x86
		{0DA0DDBA-630C-4DAF-8888-44DE990068E4}.Debug|x86.Deploy.0 = Debug|x86
		{0DA0DDBA-630C-4DAF-8888-44DE990068E4}.Release|Any CPU.ActiveCfg = Release|x86
		{0DA0DDBA-630C-4DAF-8888-44DE990068E4}.Release|ARM.ActiveCfg = Release|ARM
		{0DA0DDBA-630C-4DAF-8888-44DE990068E4}.Release|ARM.Build.0 = Release|ARM
		{0DA0DDBA-630C-4DAF-8888-44DE990068E4}.Release|ARM.Deploy.0 = Release|ARM
		{0DA0DDBA-630C-4DAF-8888-44DE990068E4}.Release|x64.ActiveCfg = Release|x64
		{0DA0DDBA-630C-4DAF-8888-44DE990068E4}.Release|x64.Build.0 = Release|x64
		{0DA0DDBA-630C-4DAF-8888-44DE990068E4}.Release|x64.Deploy.0 = Release|x64
		{0DA0DDBA-630C-4DAF-8888-44DE990068E4}.Release|x86.ActiveCfg = Release|x86
		{0DA0DDBA-630C-4DAF-8888-44DE990068E4}.Release|x86.Build.0 = Release|x86
		{0DA0DDBA-630C-4DAF-8888-44DE990068E4}.Release|x86.Deploy.0 = Release|x86
	EndGlobalSection
	GlobalSection(SolutionProperties) = preSolution
		HideSolutionNode = FALSE
	EndGlobalSection
EndGlobal
